
Microsoft Visual Studio Solution File, Format Version 12.00
# Visual Studio 15
VisualStudioVersion = 15.0.28307.329
MinimumVisualStudioVersion = 10.0.40219.1
Project("{F2A71F9B-5D33-465A-A702-920D77279786}") = "MiniProject", "MiniProject\MiniProject.fsproj", "{444B6925-4DAD-4627-A305-D5F8F756995E}"
EndProject
Global
	GlobalSection(SolutionConfigurationPlatforms) = preSolution
		Debug|Any CPU = Debug|Any CPU
		Release|Any CPU = Release|Any CPU
	EndGlobalSection
	GlobalSection(ProjectConfigurationPlatforms) = postSolution
		{444B6925-4DAD-4627-A305-D5F8F756995E}.Debug|Any CPU.ActiveCfg = Debug|Any CPU
		{444B6925-4DAD-4627-A305-D5F8F756995E}.Debug|Any CPU.Build.0 = Debug|Any CPU
		{444B6925-4DAD-4627-A305-D5F8F756995E}.Release|Any CPU.ActiveCfg = Release|Any CPU
		{444B6925-4DAD-4627-A305-D5F8F756995E}.Release|Any CPU.Build.0 = Release|Any CPU
	EndGlobalSection
	GlobalSection(SolutionProperties) = preSolution
		HideSolutionNode = FALSE
	EndGlobalSection
	GlobalSection(ExtensibilityGlobals) = postSolution
		SolutionGuid = {399B2415-6F32-44B5-BCB8-2C680A09E896}
	EndGlobalSection
EndGlobal
